{
  "name": "ternlight-bridge",
  "version": "1.0.0",
  "lockfileVersion": 3,
  "requires": true,
  "packages": {
    "": {
      "name": "ternlight-bridge",
      "version": "1.0.0",
      "license": "ISC",
      "dependencies": {
        "@ternlight/base": "^0.1.1"
      }
    },
    "node_modules/@ternlight/base": {
      "version": "0.1.1",
      "resolved": "https://registry.npmjs.org/@ternlight/base/-/base-0.1.1.tgz",
      "integrity": "sha512-G+/awDQq6AdLGR7GaIq7RCTdriR+DlqpSjiqfYdev6mCDR0HKLhlp5ZF2GiXX3CM6ZwY8g2AI8937IERqTxIkQ==",
      "license": "MIT",
      "engines": {
        "node": ">=18"
      }
    }
  }
}
